
Microsoft Visual Studio Solution File, Format Version 12.00
# Visual Studio Version 16
VisualStudioVersion = 16.0.30114.105
MinimumVisualStudioVersion = 10.0.40219.1
Project("{FAE04EC0-301F-11D3-BF4B-00C04F79EFBC}") = "Comments.Domain", "Comments.Domain\Comments.Domain.csproj", "{190DE03D-3213-4E45-86E9-BDBF29C45FDD}"
EndProject
Project("{FAE04EC0-301F-11D3-BF4B-00C04F79EFBC}") = "Comments.API", "Comments.API\Comments.API.csproj", "{50BB6917-789E-4448-884F-AAE2C02E8250}"
EndProject
Project("{FAE04EC0-301F-11D3-BF4B-00C04F79EFBC}") = "Comments.Application", "Comments.Application\Comments.Application.csproj", "{71A49F6D-8AB4-4DFD-B142-D44609178E9C}"
EndProject
Project("{FAE04EC0-301F-11D3-BF4B-00C04F79EFBC}") = "Comments.Infrastructure", "Comments.Infrastructure\Comments.Infrastructure.csproj", "{05ED9D65-FF00-471E-8109-30B422571DF6}"
EndProject
Global
	GlobalSection(SolutionConfigurationPlatforms) = preSolution
		Debug|Any CPU = Debug|Any CPU
		Release|Any CPU = Release|Any CPU
	EndGlobalSection
	GlobalSection(SolutionProperties) = preSolution
		HideSolutionNode = FALSE
	EndGlobalSection
	GlobalSection(ProjectConfigurationPlatforms) = postSolution
		{190DE03D-3213-4E45-86E9-BDBF29C45FDD}.Debug|Any CPU.ActiveCfg = Debug|Any CPU
		{190DE03D-3213-4E45-86E9-BDBF29C45FDD}.Debug|Any CPU.Build.0 = Debug|Any CPU
		{190DE03D-3213-4E45-86E9-BDBF29C45FDD}.Release|Any CPU.ActiveCfg = Release|Any CPU
		{190DE03D-3213-4E45-86E9-BDBF29C45FDD}.Release|Any CPU.Build.0 = Release|Any CPU
		{50BB6917-789E-4448-884F-AAE2C02E8250}.Debug|Any CPU.ActiveCfg = Debug|Any CPU
		{50BB6917-789E-4448-884F-AAE2C02E8250}.Debug|Any CPU.Build.0 = Debug|Any CPU
		{50BB6917-789E-4448-884F-AAE2C02E8250}.Release|Any CPU.ActiveCfg = Release|Any CPU
		{50BB6917-789E-4448-884F-AAE2C02E8250}.Release|Any CPU.Build.0 = Release|Any CPU
		{71A49F6D-8AB4-4DFD-B142-D44609178E9C}.Debug|Any CPU.ActiveCfg = Debug|Any CPU
		{71A49F6D-8AB4-4DFD-B142-D44609178E9C}.Debug|Any CPU.Build.0 = Debug|Any CPU
		{71A49F6D-8AB4-4DFD-B142-D44609178E9C}.Release|Any CPU.ActiveCfg = Release|Any CPU
		{71A49F6D-8AB4-4DFD-B142-D44609178E9C}.Release|Any CPU.Build.0 = Release|Any CPU
		{05ED9D65-FF00-471E-8109-30B422571DF6}.Debug|Any CPU.ActiveCfg = Debug|Any CPU
		{05ED9D65-FF00-471E-8109-30B422571DF6}.Debug|Any CPU.Build.0 = Debug|Any CPU
		{05ED9D65-FF00-471E-8109-30B422571DF6}.Release|Any CPU.ActiveCfg = Release|Any CPU
		{05ED9D65-FF00-471E-8109-30B422571DF6}.Release|Any CPU.Build.0 = Release|Any CPU
	EndGlobalSection
EndGlobal
